
Microsoft Visual Studio Solution File, Format Version 12.00
# Visual Studio Version 17
VisualStudioVersion = 17.10.34928.147
MinimumVisualStudioVersion = 10.0.40219.1
Project("{FAE04EC0-301F-11D3-BF4B-00C04F79EFBC}") = "TestRPGGame", "TestRPGGame\TestRPGGame.csproj", "{DE19706A-1EFA-48A3-BE15-029D9BF3FB6D}"
EndProject
Global
	GlobalSection(SolutionConfigurationPlatforms) = preSolution
		Debug|Any CPU = Debug|Any CPU
		Release|Any CPU = Release|Any CPU
	EndGlobalSection
	GlobalSection(ProjectConfigurationPlatforms) = postSolution
		{DE19706A-1EFA-48A3-BE15-029D9BF3FB6D}.Debug|Any CPU.ActiveCfg = Debug|Any CPU
		{DE19706A-1EFA-48A3-BE15-029D9BF3FB6D}.Debug|Any CPU.Build.0 = Debug|Any CPU
		{DE19706A-1EFA-48A3-BE15-029D9BF3FB6D}.Release|Any CPU.ActiveCfg = Release|Any CPU
		{DE19706A-1EFA-48A3-BE15-029D9BF3FB6D}.Release|Any CPU.Build.0 = Release|Any CPU
	EndGlobalSection
	GlobalSection(SolutionProperties) = preSolution
		HideSolutionNode = FALSE
	EndGlobalSection
	GlobalSection(ExtensibilityGlobals) = postSolution
		SolutionGuid = {7558F00A-CA10-4BE5-BE51-3792910E49BE}
	EndGlobalSection
EndGlobal
